
Microsoft Visual Studio Solution File, Format Version 12.00
# Visual Studio 15
VisualStudioVersion = 15.0.28307.329
MinimumVisualStudioVersion = 10.0.40219.1
Project("{FAE04EC0-301F-11D3-BF4B-00C04F79EFBC}") = "APITesting", "APITesting\APITesting.csproj", "{CDE3A539-31EF-4719-BF69-95EDDA8F2F41}"
EndProject
Project("{FAE04EC0-301F-11D3-BF4B-00C04F79EFBC}") = "ConsumingApi", "ConsumingApi\ConsumingApi.csproj", "{A153E2FA-7CB9-4F19-BD34-765DB85B1C70}"
EndProject
Global
	GlobalSection(SolutionConfigurationPlatforms) = preSolution
		Debug|Any CPU = Debug|Any CPU
		Release|Any CPU = Release|Any CPU
	EndGlobalSection
	GlobalSection(ProjectConfigurationPlatforms) = postSolution
		{CDE3A539-31EF-4719-BF69-95EDDA8F2F41}.Debug|Any CPU.ActiveCfg = Debug|Any CPU
		{CDE3A539-31EF-4719-BF69-95EDDA8F2F41}.Debug|Any CPU.Build.0 = Debug|Any CPU
		{CDE3A539-31EF-4719-BF69-95EDDA8F2F41}.Release|Any CPU.ActiveCfg = Release|Any CPU
		{CDE3A539-31EF-4719-BF69-95EDDA8F2F41}.Release|Any CPU.Build.0 = Release|Any CPU
		{A153E2FA-7CB9-4F19-BD34-765DB85B1C70}.Debug|Any CPU.ActiveCfg = Debug|Any CPU
		{A153E2FA-7CB9-4F19-BD34-765DB85B1C70}.Debug|Any CPU.Build.0 = Debug|Any CPU
		{A153E2FA-7CB9-4F19-BD34-765DB85B1C70}.Release|Any CPU.ActiveCfg = Release|Any CPU
		{A153E2FA-7CB9-4F19-BD34-765DB85B1C70}.Release|Any CPU.Build.0 = Release|Any CPU
	EndGlobalSection
	GlobalSection(SolutionProperties) = preSolution
		HideSolutionNode = FALSE
	EndGlobalSection
	GlobalSection(ExtensibilityGlobals) = postSolution
		SolutionGuid = {D318AD1A-E6DA-402F-9742-6909B6C590C3}
	EndGlobalSection
EndGlobal
